Microsoft Visual Studio Solution File, Format Version 12.00
# Visual Studio Version 17
VisualStudioVersion = 17.5.2.0
MinimumVisualStudioVersion = 10.0.40219.1
Project("{FAE04EC0-301F-11D3-BF4B-00C04F79EFBC}") = "WorkDayCalculator", "WorkDayCalculator\WorkDayCalculator.csproj", "{1A1C9650-C032-702D-063A-7C789019D439}"
EndProject
Global
	GlobalSection(SolutionConfigurationPlatforms) = preSolution
		Debug|Any CPU = Debug|Any CPU
		Release|Any CPU = Release|Any CPU
	EndGlobalSection
	GlobalSection(ProjectConfigurationPlatforms) = postSolution
		{1A1C9650-C032-702D-063A-7C789019D439}.Debug|Any CPU.ActiveCfg = Debug|Any CPU
		{1A1C9650-C032-702D-063A-7C789019D439}.Debug|Any CPU.Build.0 = Debug|Any CPU
		{1A1C9650-C032-702D-063A-7C789019D439}.Release|Any CPU.ActiveCfg = Release|Any CPU
		{1A1C9650-C032-702D-063A-7C789019D439}.Release|Any CPU.Build.0 = Release|Any CPU
	EndGlobalSection
	GlobalSection(SolutionProperties) = preSolution
		HideSolutionNode = FALSE
	EndGlobalSection
	GlobalSection(ExtensibilityGlobals) = postSolution
		SolutionGuid = {AE47CB3B-5C3E-43A1-9CB3-B4451A53DE55}
	EndGlobalSection
EndGlobal
